// !$*UTF8*$!
{
	archiveVersion = 1;
	classes = {
	};
	objectVersion = 56;
	objects = {

/* Begin PBXBuildFile section */
		B6E5CDE02D07EABC00315A91 /* FetchRecipeAppApp.swift in Sources */ = {isa = PBXBuildFile; fileRef = B6E5CDDF2D07EABC00315A91 /* FetchRecipeAppApp.swift */; };
		B6E5CDE22D07EABC00315A91 /* ContentView.swift in Sources */ = {isa = PBXBuildFile; fileRef = B6E5CDE12D07EABC00315A91 /* ContentView.swift */; };
		B6E5CDE42D07EABE00315A91 /* Assets.xcassets in Resources */ = {isa = PBXBuildFile; fileRef = B6E5CDE32D07EABE00315A91 /* Assets.xcassets */; };
		B6E5CDE72D07EABE00315A91 /* Preview Assets.xcassets in Resources */ = {isa = PBXBuildFile; fileRef = B6E5CDE62D07EABE00315A91 /* Preview Assets.xcassets */; };
		B6E5CDF12D07EABE00315A91 /* FetchRecipeAppTests.swift in Sources */ = {isa = PBXBuildFile; fileRef = B6E5CDF02D07EABE00315A91 /* FetchRecipeAppTests.swift */; };
		B6E5CDFB2D07EABE00315A91 /* FetchRecipeAppUITests.swift in Sources */ = {isa = PBXBuildFile; fileRef = B6E5CDFA2D07EABE00315A91 /* FetchRecipeAppUITests.swift */; };
		B6E5CDFD2D07EABE00315A91 /* FetchRecipeAppUITestsLaunchTests.swift in Sources */ = {isa = PBXBuildFile; fileRef = B6E5CDFC2D07EABE00315A91 /* FetchRecipeAppUITestsLaunchTests.swift */; };
		B6E5CE0C2D07F07D00315A91 /* RecipeModel.swift in Sources */ = {isa = PBXBuildFile; fileRef = B6E5CE0B2D07F07D00315A91 /* RecipeModel.swift */; };
		B6E5CE0E2D092F8C00315A91 /* RecipeView.swift in Sources */ = {isa = PBXBuildFile; fileRef = B6E5CE0D2D092F8C00315A91 /* RecipeView.swift */; };
		B6E5CE102D092F9E00315A91 /* RecipeViewModel.swift in Sources */ = {isa = PBXBuildFile; fileRef = B6E5CE0F2D092F9E00315A91 /* RecipeViewModel.swift */; };
		B6E5CE182D0A67B300315A91 /* RecipeService.swift in Sources */ = {isa = PBXBuildFile; fileRef = B6E5CE172D0A67B300315A91 /* RecipeService.swift */; };
/* End PBXBuildFile section */

/* Begin PBXContainerItemProxy section */
		B6E5CDED2D07EABE00315A91 /* PBXContainerItemProxy */ = {
			isa = PBXContainerItemProxy;
			containerPortal = B6E5CDD42D07EABC00315A91 /* Project object */;
			proxyType = 1;
			remoteGlobalIDString = B6E5CDDB2D07EABC00315A91;
			remoteInfo = FetchRecipeApp;
		};
		B6E5CDF72D07EABE00315A91 /* PBXContainerItemProxy */ = {
			isa = PBXContainerItemProxy;
			containerPortal = B6E5CDD42D07EABC00315A91 /* Project object */;
			proxyType = 1;
			remoteGlobalIDString = B6E5CDDB2D07EABC00315A91;
			remoteInfo = FetchRecipeApp;
		};
/* End PBXContainerItemProxy section */

/* Begin PBXFileReference section */
		B6E5CDDC2D07EABC00315A91 /* FetchRecipeApp.app */ = {isa = PBXFileReference; explicitFileType = wrapper.application; includeInIndex = 0; path = FetchRecipeApp.app; sourceTree = BUILT_PRODUCTS_DIR; };
		B6E5CDDF2D07EABC00315A91 /* FetchRecipeAppApp.swift */ = {isa = PBXFileReference; lastKnownFileType = sourcecode.swift; path = FetchRecipeAppApp.swift; sourceTree = "<group>"; };
		B6E5CDE12D07EABC00315A91 /* ContentView.swift */ = {isa = PBXFileReference; lastKnownFileType = sourcecode.swift; path = ContentView.swift; sourceTree = "<group>"; };
		B6E5CDE32D07EABE00315A91 /* Assets.xcassets */ = {isa = PBXFileReference; lastKnownFileType = folder.assetcatalog; path = Assets.xcassets; sourceTree = "<group>"; };
		B6E5CDE62D07EABE00315A91 /* Preview Assets.xcassets */ = {isa = PBXFileReference; lastKnownFileType = folder.assetcatalog; path = "Preview Assets.xcassets"; sourceTree = "<group>"; };
		B6E5CDEC2D07EABE00315A91 /* FetchRecipeAppTests.xctest */ = {isa = PBXFileReference; explicitFileType = wrapper.cfbundle; includeInIndex = 0; path = FetchRecipeAppTests.xctest; sourceTree = BUILT_PRODUCTS_DIR; };
		B6E5CDF02D07EABE00315A91 /* FetchRecipeAppTests.swift */ = {isa = PBXFileReference; lastKnownFileType = sourcecode.swift; path = FetchRecipeAppTests.swift; sourceTree = "<group>"; };
		B6E5CDF62D07EABE00315A91 /* FetchRecipeAppUITests.xctest */ = {isa = PBXFileReference; explicitFileType = wrapper.cfbundle; includeInIndex = 0; path = FetchRecipeAppUITests.xctest; sourceTree = BUILT_PRODUCTS_DIR; };
		B6E5CDFA2D07EABE00315A91 /* FetchRecipeAppUITests.swift */ = {isa = PBXFileReference; lastKnownFileType = sourcecode.swift; path = FetchRecipeAppUITests.swift; sourceTree = "<group>"; };
		B6E5CDFC2D07EABE00315A91 /* FetchRecipeAppUITestsLaunchTests.swift */ = {isa = PBXFileReference; lastKnownFileType = sourcecode.swift; path = FetchRecipeAppUITestsLaunchTests.swift; sourceTree = "<group>"; };
		B6E5CE0B2D07F07D00315A91 /* RecipeModel.swift */ = {isa = PBXFileReference; lastKnownFileType = sourcecode.swift; path = RecipeModel.swift; sourceTree = "<group>"; };
		B6E5CE0D2D092F8C00315A91 /* RecipeView.swift */ = {isa = PBXFileReference; lastKnownFileType = sourcecode.swift; path = RecipeView.swift; sourceTree = "<group>"; };
		B6E5CE0F2D092F9E00315A91 /* RecipeViewModel.swift */ = {isa = PBXFileReference; lastKnownFileType = sourcecode.swift; path = RecipeViewModel.swift; sourceTree = "<group>"; };
		B6E5CE172D0A67B300315A91 /* RecipeService.swift */ = {isa = PBXFileReference; lastKnownFileType = sourcecode.swift; path = RecipeService.swift; sourceTree = "<group>"; };
/* End PBXFileReference section */

/* Begin PBXFrameworksBuildPhase section */
		B6E5CDD92D07EABC00315A91 /* Frameworks */ = {
			isa = PBXFrameworksBuildPhase;
			buildActionMask = 2147483647;
			files = (
			);
			runOnlyForDeploymentPostprocessing = 0;
		};
		B6E5CDE92D07EABE00315A91 /* Frameworks */ = {
			isa = PBXFrameworksBuildPhase;
			buildActionMask = 2147483647;
			files = (
			);
			runOnlyForDeploymentPostprocessing = 0;
		};
		B6E5CDF32D07EABE00315A91 /* Frameworks */ = {
			isa = PBXFrameworksBuildPhase;
			buildActionMask = 2147483647;
			files = (
			);
			runOnlyForDeploymentPostprocessing = 0;
		};
/* End PBXFrameworksBuildPhase section */

/* Begin PBXGroup section */
		B6E5CDD32D07EABC00315A91 = {
			isa = PBXGroup;
			children = (
				B6E5CDDE2D07EABC00315A91 /* FetchRecipeApp */,
				B6E5CDEF2D07EABE00315A91 /* FetchRecipeAppTests */,
				B6E5CDF92D07EABE00315A91 /* FetchRecipeAppUITests */,
				B6E5CDDD2D07EABC00315A91 /* Products */,
			);
			sourceTree = "<group>";
		};
		B6E5CDDD2D07EABC00315A91 /* Products */ = {
			isa = PBXGroup;
			children = (
				B6E5CDDC2D07EABC00315A91 /* FetchRecipeApp.app */,
				B6E5CDEC2D07EABE00315A91 /* FetchRecipeAppTests.xctest */,
				B6E5CDF62D07EABE00315A91 /* FetchRecipeAppUITests.xctest */,
			);
			name = Products;
			sourceTree = "<group>";
		};
		B6E5CDDE2D07EABC00315A91 /* FetchRecipeApp */ = {
			isa = PBXGroup;
			children = (
				B6E5CDDF2D07EABC00315A91 /* FetchRecipeAppApp.swift */,
				B6E5CDE12D07EABC00315A91 /* ContentView.swift */,
				B6E5CE132D092FCF00315A91 /* Model */,
				B6E5CE122D092FC600315A91 /* View */,
				B6E5CE112D092FBB00315A91 /* ViewModel */,
				B6E5CDE32D07EABE00315A91 /* Assets.xcassets */,
				B6E5CDE52D07EABE00315A91 /* Preview Content */,
			);
			path = FetchRecipeApp;
			sourceTree = "<group>";
		};
		B6E5CDE52D07EABE00315A91 /* Preview Content */ = {
			isa = PBXGroup;
			children = (
				B6E5CDE62D07EABE00315A91 /* Preview Assets.xcassets */,
			);
			path = "Preview Content";
			sourceTree = "<group>";
		};
		B6E5CDEF2D07EABE00315A91 /* FetchRecipeAppTests */ = {
			isa = PBXGroup;
			children = (
				B6E5CDF02D07EABE00315A91 /* FetchRecipeAppTests.swift */,
			);
			path = FetchRecipeAppTests;
			sourceTree = "<group>";
		};
		B6E5CDF92D07EABE00315A91 /* FetchRecipeAppUITests */ = {
			isa = PBXGroup;
			children = (
				B6E5CDFA2D07EABE00315A91 /* FetchRecipeAppUITests.swift */,
				B6E5CDFC2D07EABE00315A91 /* FetchRecipeAppUITestsLaunchTests.swift */,
			);
			path = FetchRecipeAppUITests;
			sourceTree = "<group>";
		};
		B6E5CE112D092FBB00315A91 /* ViewModel */ = {
			isa = PBXGroup;
			children = (
				B6E5CE0F2D092F9E00315A91 /* RecipeViewModel.swift */,
			);
			path = ViewModel;
			sourceTree = "<group>";
		};
		B6E5CE122D092FC600315A91 /* View */ = {
			isa = PBXGroup;
			children = (
				B6E5CE0D2D092F8C00315A91 /* RecipeView.swift */,
			);
			path = View;
			sourceTree = "<group>";
		};
		B6E5CE132D092FCF00315A91 /* Model */ = {
			isa = PBXGroup;
			children = (
				B6E5CE0B2D07F07D00315A91 /* RecipeModel.swift */,
				B6E5CE172D0A67B300315A91 /* RecipeService.swift */,
			);
			path = Model;
			sourceTree = "<group>";
		};
/* End PBXGroup section */

/* Begin PBXNativeTarget section */
		B6E5CDDB2D07EABC00315A91 /* FetchRecipeApp */ = {
			isa = PBXNativeTarget;
			buildConfigurationList = B6E5CE002D07EABE00315A91 /* Build configuration list for PBXNativeTarget "FetchRecipeApp" */;
			buildPhases = (
				B6E5CDD82D07EABC00315A91 /* Sources */,
				B6E5CDD92D07EABC00315A91 /* Frameworks */,
				B6E5CDDA2D07EABC00315A91 /* Resources */,
			);
			buildRules = (
			);
			dependencies = (
			);
			name = FetchRecipeApp;
			productName = FetchRecipeApp;
			productReference = B6E5CDDC2D07EABC00315A91 /* FetchRecipeApp.app */;
			productType = "com.apple.product-type.application";
		};
		B6E5CDEB2D07EABE00315A91 /* FetchRecipeAppTests */ = {
			isa = PBXNativeTarget;
			buildConfigurationList = B6E5CE032D07EABE00315A91 /* Build configuration list for PBXNativeTarget "FetchRecipeAppTests" */;
			buildPhases = (
				B6E5CDE82D07EABE00315A91 /* Sources */,
				B6E5CDE92D07EABE00315A91 /* Frameworks */,
				B6E5CDEA2D07EABE00315A91 /* Resources */,
			);
			buildRules = (
			);
			dependencies = (
				B6E5CDEE2D07EABE00315A91 /* PBXTargetDependency */,
			);
			name = FetchRecipeAppTests;
			productName = FetchRecipeAppTests;
			productReference = B6E5CDEC2D07EABE00315A91 /* FetchRecipeAppTests.xctest */;
			productType = "com.apple.product-type.bundle.unit-test";
		};
		B6E5CDF52D07EABE00315A91 /* FetchRecipeAppUITests */ = {
			isa = PBXNativeTarget;
			buildConfigurationList = B6E5CE062D07EABE00315A91 /* Build configuration list for PBXNativeTarget "FetchRecipeAppUITests" */;
			buildPhases = (
				B6E5CDF22D07EABE00315A91 /* Sources */,
				B6E5CDF32D07EABE00315A91 /* Frameworks */,
				B6E5CDF42D07EABE00315A91 /* Resources */,
			);
			buildRules = (
			);
			dependencies = (
				B6E5CDF82D07EABE00315A91 /* PBXTargetDependency */,
			);
			name = FetchRecipeAppUITests;
			productName = FetchRecipeAppUITests;
			productReference = B6E5CDF62D07EABE00315A91 /* FetchRecipeAppUITests.xctest */;
			productType = "com.apple.product-type.bundle.ui-testing";
		};
/* End PBXNativeTarget section */

/* Begin PBXProject section */
		B6E5CDD42D07EABC00315A91 /* Project object */ = {
			isa = PBXProject;
			attributes = {
				BuildIndependentTargetsInParallel = 1;
				LastSwiftUpdateCheck = 1540;
				LastUpgradeCheck = 1540;
				TargetAttributes = {
					B6E5CDDB2D07EABC00315A91 = {
						CreatedOnToolsVersion = 15.4;
					};
					B6E5CDEB2D07EABE00315A91 = {
						CreatedOnToolsVersion = 15.4;
						TestTargetID = B6E5CDDB2D07EABC00315A91;
					};
					B6E5CDF52D07EABE00315A91 = {
						CreatedOnToolsVersion = 15.4;
						TestTargetID = B6E5CDDB2D07EABC00315A91;
					};
				};
			};
			buildConfigurationList = B6E5CDD72D07EABC00315A91 /* Build configuration list for PBXProject "FetchRecipeApp" */;
			compatibilityVersion = "Xcode 14.0";
			developmentRegion = en;
			hasScannedForEncodings = 0;
			knownRegions = (
				en,
				Base,
			);
			mainGroup = B6E5CDD32D07EABC00315A91;
			productRefGroup = B6E5CDDD2D07EABC00315A91 /* Products */;
			projectDirPath = "";
			projectRoot = "";
			targets = (
				B6E5CDDB2D07EABC00315A91 /* FetchRecipeApp */,
				B6E5CDEB2D07EABE00315A91 /* FetchRecipeAppTests */,
				B6E5CDF52D07EABE00315A91 /* FetchRecipeAppUITests */,
			);
		};
/* End PBXProject section */

/* Begin PBXResourcesBuildPhase section */
		B6E5CDDA2D07EABC00315A91 /* Resources */ = {
			isa = PBXResourcesBuildPhase;
			buildActionMask = 2147483647;
			files = (
				B6E5CDE72D07EABE00315A91 /* Preview Assets.xcassets in Resources */,
				B6E5CDE42D07EABE00315A91 /* Assets.xcassets in Resources */,
			);
			runOnlyForDeploymentPostprocessing = 0;
		};
		B6E5CDEA2D07EABE00315A91 /* Resources */ = {
			isa = PBXResourcesBuildPhase;
			buildActionMask = 2147483647;
			files = (
			);
			runOnlyForDeploymentPostprocessing = 0;
		};
		B6E5CDF42D07EABE00315A91 /* Resources */ = {
			isa = PBXResourcesBuildPhase;
			buildActionMask = 2147483647;
			files = (
			);
			runOnlyForDeploymentPostprocessing = 0;
		};
/* End PBXResourcesBuildPhase section */

/* Begin PBXSourcesBuildPhase section */
		B6E5CDD82D07EABC00315A91 /* Sources */ = {
			isa = PBXSourcesBuildPhase;
			buildActionMask = 2147483647;
			files = (
				B6E5CE0C2D07F07D00315A91 /* RecipeModel.swift in Sources */,
				B6E5CE182D0A67B300315A91 /* RecipeService.swift in Sources */,
				B6E5CDE22D07EABC00315A91 /* ContentView.swift in Sources */,
				B6E5CE0E2D092F8C00315A91 /* RecipeView.swift in Sources */,
				B6E5CE102D092F9E00315A91 /* RecipeViewModel.swift in Sources */,
				B6E5CDE02D07EABC00315A91 /* FetchRecipeAppApp.swift in Sources */,
			);
			runOnlyForDeploymentPostprocessing = 0;
		};
		B6E5CDE82D07EABE00315A91 /* Sources */ = {
			isa = PBXSourcesBuildPhase;
			buildActionMask = 2147483647;
			files = (
				B6E5CDF12D07EABE00315A91 /* FetchRecipeAppTests.swift in Sources */,
			);
			runOnlyForDeploymentPostprocessing = 0;
		};
		B6E5CDF22D07EABE00315A91 /* Sources */ = {
			isa = PBXSourcesBuildPhase;
			buildActionMask = 2147483647;
			files = (
				B6E5CDFB2D07EABE00315A91 /* FetchRecipeAppUITests.swift in Sources */,
				B6E5CDFD2D07EABE00315A91 /* FetchRecipeAppUITestsLaunchTests.swift in Sources */,
			);
			runOnlyForDeploymentPostprocessing = 0;
		};
/* End PBXSourcesBuildPhase section */

/* Begin PBXTargetDependency section */
		B6E5CDEE2D07EABE00315A91 /* PBXTargetDependency */ = {
			isa = PBXTargetDependency;
			target = B6E5CDDB2D07EABC00315A91 /* FetchRecipeApp */;
			targetProxy = B6E5CDED2D07EABE00315A91 /* PBXContainerItemProxy */;
		};
		B6E5CDF82D07EABE00315A91 /* PBXTargetDependency */ = {
			isa = PBXTargetDependency;
			target = B6E5CDDB2D07EABC00315A91 /* FetchRecipeApp */;
			targetProxy = B6E5CDF72D07EABE00315A91 /* PBXContainerItemProxy */;
		};
/* End PBXTargetDependency section */

/* Begin XCBuildConfiguration section */
		B6E5CDFE2D07EABE00315A91 /* Debug */ = {
			isa = XCBuildConfiguration;
			buildSettings = {
				ALWAYS_SEARCH_USER_PATHS = NO;
				ASSETCATALOG_COMPILER_GENERATE_SWIFT_ASSET_SYMBOL_EXTENSIONS = YES;
				CLANG_ANALYZER_NONNULL = YES;
				CLANG_ANALYZER_NUMBER_OBJECT_CONVERSION = YES_AGGRESSIVE;
				CLANG_CXX_LANGUAGE_STANDARD = "gnu++20";
				CLANG_ENABLE_MODULES = YES;
				CLANG_ENABLE_OBJC_ARC = YES;
				CLANG_ENABLE_OBJC_WEAK = YES;
				CLANG_WARN_BLOCK_CAPTURE_AUTORELEASING = YES;
				CLANG_WARN_BOOL_CONVERSION = YES;
				CLANG_WARN_COMMA = YES;
				CLANG_WARN_CONSTANT_CONVERSION = YES;
				CLANG_WARN_DEPRECATED_OBJC_IMPLEMENTATIONS = YES;
				CLANG_WARN_DIRECT_OBJC_ISA_USAGE = YES_ERROR;
				CLANG_WARN_DOCUMENTATION_COMMENTS = YES;
				CLANG_WARN_EMPTY_BODY = YES;
				CLANG_WARN_ENUM_CONVERSION = YES;
				CLANG_WARN_INFINITE_RECURSION = YES;
				CLANG_WARN_INT_CONVERSION = YES;
				CLANG_WARN_NON_LITERAL_NULL_CONVERSION = YES;
				CLANG_WARN_OBJC_IMPLICIT_RETAIN_SELF = YES;
				CLANG_WARN_OBJC_LITERAL_CONVERSION = YES;
				CLANG_WARN_OBJC_ROOT_CLASS = YES_ERROR;
				CLANG_WARN_QUOTED_INCLUDE_IN_FRAMEWORK_HEADER = YES;
				CLANG_WARN_RANGE_LOOP_ANALYSIS = YES;
				CLANG_WARN_STRICT_PROTOTYPES = YES;
				CLANG_WARN_SUSPICIOUS_MOVE = YES;
				CLANG_WARN_UNGUARDED_AVAILABILITY = YES_AGGRESSIVE;
				CLANG_WARN_UNREACHABLE_CODE = YES;
				CLANG_WARN__DUPLICATE_METHOD_MATCH = YES;
				COPY_PHASE_STRIP = NO;
				DEBUG_INFORMATION_FORMAT = dwarf;
				ENABLE_STRICT_OBJC_MSGSEND = YES;
				ENABLE_TESTABILITY = YES;
				ENABLE_USER_SCRIPT_SANDBOXING = YES;
				GCC_C_LANGUAGE_STANDARD = gnu17;
				GCC_DYNAMIC_NO_PIC = NO;
				GCC_NO_COMMON_BLOCKS = YES;
				GCC_OPTIMIZATION_LEVEL = 0;
				GCC_PREPROCESSOR_DEFINITIONS = (
					"DEBUG=1",
					"$(inherited)",
				);
				GCC_WARN_64_TO_32_BIT_CONVERSION = YES;
				GCC_WARN_ABOUT_RETURN_TYPE = YES_ERROR;
				GCC_WARN_UNDECLARED_SELECTOR = YES;
				GCC_WARN_UNINITIALIZED_AUTOS = YES_AGGRESSIVE;
				GCC_WARN_UNUSED_FUNCTION = YES;
				GCC_WARN_UNUSED_VARIABLE = YES;
				IPHONEOS_DEPLOYMENT_TARGET = 17.5;
				LOCALIZATION_PREFERS_STRING_CATALOGS = YES;
				MTL_ENABLE_DEBUG_INFO = INCLUDE_SOURCE;
				MTL_FAST_MATH = YES;
				ONLY_ACTIVE_ARCH = YES;
				SDKROOT = iphoneos;
				SWIFT_ACTIVE_COMPILATION_CONDITIONS = "DEBUG $(inherited)";
				SWIFT_OPTIMIZATION_LEVEL = "-Onone";
			};
			name = Debug;
		};
		B6E5CDFF2D07EABE00315A91 /* Release */ = {
			isa = XCBuildConfiguration;
			buildSettings = {
				ALWAYS_SEARCH_USER_PATHS = NO;
				ASSETCATALOG_COMPILER_GENERATE_SWIFT_ASSET_SYMBOL_EXTENSIONS = YES;
				CLANG_ANALYZER_NONNULL = YES;
				CLANG_ANALYZER_NUMBER_OBJECT_CONVERSION = YES_AGGRESSIVE;
				CLANG_CXX_LANGUAGE_STANDARD = "gnu++20";
				CLANG_ENABLE_MODULES = YES;
				CLANG_ENABLE_OBJC_ARC = YES;
				CLANG_ENABLE_OBJC_WEAK = YES;
				CLANG_WARN_BLOCK_CAPTURE_AUTORELEASING = YES;
				CLANG_WARN_BOOL_CONVERSION = YES;
				CLANG_WARN_COMMA = YES;
				CLANG_WARN_CONSTANT_CONVERSION = YES;
				CLANG_WARN_DEPRECATED_OBJC_IMPLEMENTATIONS = YES;
				CLANG_WARN_DIRECT_OBJC_ISA_USAGE = YES_ERROR;
				CLANG_WARN_DOCUMENTATION_COMMENTS = YES;
				CLANG_WARN_EMPTY_BODY = YES;
				CLANG_WARN_ENUM_CONVERSION = YES;
				CLANG_WARN_INFINITE_RECURSION = YES;
				CLANG_WARN_INT_CONVERSION = YES;
				CLANG_WARN_NON_LITERAL_NULL_CONVERSION = YES;
				CLANG_WARN_OBJC_IMPLICIT_RETAIN_SELF = YES;
				CLANG_WARN_OBJC_LITERAL_CONVERSION = YES;
				CLANG_WARN_OBJC_ROOT_CLASS = YES_ERROR;
				CLANG_WARN_QUOTED_INCLUDE_IN_FRAMEWORK_HEADER = YES;
				CLANG_WARN_RANGE_LOOP_ANALYSIS = YES;
				CLANG_WARN_STRICT_PROTOTYPES = YES;
				CLANG_WARN_SUSPICIOUS_MOVE = YES;
				CLANG_WARN_UNGUARDED_AVAILABILITY = YES_AGGRESSIVE;
				CLANG_WARN_UNREACHABLE_CODE = YES;
				CLANG_WARN__DUPLICATE_METHOD_MATCH = YES;
				COPY_PHASE_STRIP = NO;
				DEBUG_INFORMATION_FORMAT = "dwarf-with-dsym";
				ENABLE_NS_ASSERTIONS = NO;
				ENABLE_STRICT_OBJC_MSGSEND = YES;
				ENABLE_USER_SCRIPT_SANDBOXING = YES;
				GCC_C_LANGUAGE_STANDARD = gnu17;
				GCC_NO_COMMON_BLOCKS = YES;
				GCC_WARN_64_TO_32_BIT_CONVERSION = YES;
				GCC_WARN_ABOUT_RETURN_TYPE = YES_ERROR;
				GCC_WARN_UNDECLARED_SELECTOR = YES;
				GCC_WARN_UNINITIALIZED_AUTOS = YES_AGGRESSIVE;
				GCC_WARN_UNUSED_FUNCTION = YES;
				GCC_WARN_UNUSED_VARIABLE = YES;
				IPHONEOS_DEPLOYMENT_TARGET = 17.5;
				LOCALIZATION_PREFERS_STRING_CATALOGS = YES;
				MTL_ENABLE_DEBUG_INFO = NO;
				MTL_FAST_MATH = YES;
				SDKROOT = iphoneos;
				SWIFT_COMPILATION_MODE = wholemodule;
				VALIDATE_PRODUCT = YES;
			};
			name = Release;
		};
		B6E5CE012D07EABE00315A91 /* Debug */ = {
			isa = XCBuildConfiguration;
			buildSettings = {
				ASSETCATALOG_COMPILER_APPICON_NAME = AppIcon;
				ASSETCATALOG_COMPILER_GLOBAL_ACCENT_COLOR_NAME = AccentColor;
				CODE_SIGN_STYLE = Automatic;
				CURRENT_PROJECT_VERSION = 1;
				DEVELOPMENT_ASSET_PATHS = "\"FetchRecipeApp/Preview Content\"";
				DEVELOPMENT_TEAM = FZ8JM6H768;
				ENABLE_PREVIEWS = YES;
				GENERATE_INFOPLIST_FILE = YES;
				INFOPLIST_KEY_UIApplicationSceneManifest_Generation = YES;
				INFOPLIST_KEY_UIApplicationSupportsIndirectInputEvents = YES;
				INFOPLIST_KEY_UILaunchScreen_Generation = YES;
				INFOPLIST_KEY_UISupportedInterfaceOrientations_iPad = "UIInterfaceOrientationPortrait UIInterfaceOrientationPortraitUpsideDown UIInterfaceOrientationLandscapeLeft UIInterfaceOrientationLandscapeRight";
				INFOPLIST_KEY_UISupportedInterfaceOrientations_iPhone = "UIInterfaceOrientationPortrait UIInterfaceOrientationLandscapeLeft UIInterfaceOrientationLandscapeRight";
				LD_RUNPATH_SEARCH_PATHS = (
					"$(inherited)",
					"@executable_path/Frameworks",
				);
				MARKETING_VERSION = 1.0;
				PRODUCT_BUNDLE_IDENTIFIER = com.robertm.FetchRecipeApp;
				PRODUCT_NAME = "$(TARGET_NAME)";
				SWIFT_EMIT_LOC_STRINGS = YES;
				SWIFT_VERSION = 5.0;
				TARGETED_DEVICE_FAMILY = "1,2";
			};
			name = Debug;
		};
		B6E5CE022D07EABE00315A91 /* Release */ = {
			isa = XCBuildConfiguration;
			buildSettings = {
				ASSETCATALOG_COMPILER_APPICON_NAME = AppIcon;
				ASSETCATALOG_COMPILER_GLOBAL_ACCENT_COLOR_NAME = AccentColor;
				CODE_SIGN_STYLE = Automatic;
				CURRENT_PROJECT_VERSION = 1;
				DEVELOPMENT_ASSET_PATHS = "\"FetchRecipeApp/Preview Content\"";
				DEVELOPMENT_TEAM = FZ8JM6H768;
				ENABLE_PREVIEWS = YES;
				GENERATE_INFOPLIST_FILE = YES;
				INFOPLIST_KEY_UIApplicationSceneManifest_Generation = YES;
				INFOPLIST_KEY_UIApplicationSupportsIndirectInputEvents = YES;
				INFOPLIST_KEY_UILaunchScreen_Generation = YES;
				INFOPLIST_KEY_UISupportedInterfaceOrientations_iPad = "UIInterfaceOrientationPortrait UIInterfaceOrientationPortraitUpsideDown UIInterfaceOrientationLandscapeLeft UIInterfaceOrientationLandscapeRight";
				INFOPLIST_KEY_UISupportedInterfaceOrientations_iPhone = "UIInterfaceOrientationPortrait UIInterfaceOrientationLandscapeLeft UIInterfaceOrientationLandscapeRight";
				LD_RUNPATH_SEARCH_PATHS = (
					"$(inherited)",
					"@executable_path/Frameworks",
				);
				MARKETING_VERSION = 1.0;
				PRODUCT_BUNDLE_IDENTIFIER = com.robertm.FetchRecipeApp;
				PRODUCT_NAME = "$(TARGET_NAME)";
				SWIFT_EMIT_LOC_STRINGS = YES;
				SWIFT_VERSION = 5.0;
				TARGETED_DEVICE_FAMILY = "1,2";
			};
			name = Release;
		};
		B6E5CE042D07EABE00315A91 /* Debug */ = {
			isa = XCBuildConfiguration;
			buildSettings = {
				ALWAYS_EMBED_SWIFT_STANDARD_LIBRARIES = YES;
				BUNDLE_LOADER = "$(TEST_HOST)";
				CODE_SIGN_STYLE = Automatic;
				CURRENT_PROJECT_VERSION = 1;
				DEVELOPMENT_TEAM = FZ8JM6H768;
				GENERATE_INFOPLIST_FILE = YES;
				IPHONEOS_DEPLOYMENT_TARGET = 17.5;
				MARKETING_VERSION = 1.0;
				PRODUCT_BUNDLE_IDENTIFIER = com.robertm.FetchRecipeAppTests;
				PRODUCT_NAME = "$(TARGET_NAME)";
				SWIFT_EMIT_LOC_STRINGS = NO;
				SWIFT_VERSION = 5.0;
				TARGETED_DEVICE_FAMILY = "1,2";
				TEST_HOST = "$(BUILT_PRODUCTS_DIR)/FetchRecipeApp.app/$(BUNDLE_EXECUTABLE_FOLDER_PATH)/FetchRecipeApp";
			};
			name = Debug;
		};
		B6E5CE052D07EABE00315A91 /* Release */ = {
			isa = XCBuildConfiguration;
			buildSettings = {
				ALWAYS_EMBED_SWIFT_STANDARD_LIBRARIES = YES;
				BUNDLE_LOADER = "$(TEST_HOST)";
				CODE_SIGN_STYLE = Automatic;
				CURRENT_PROJECT_VERSION = 1;
				DEVELOPMENT_TEAM = FZ8JM6H768;
				GENERATE_INFOPLIST_FILE = YES;
				IPHONEOS_DEPLOYMENT_TARGET = 17.5;
				MARKETING_VERSION = 1.0;
				PRODUCT_BUNDLE_IDENTIFIER = com.robertm.FetchRecipeAppTests;
				PRODUCT_NAME = "$(TARGET_NAME)";
				SWIFT_EMIT_LOC_STRINGS = NO;
				SWIFT_VERSION = 5.0;
				TARGETED_DEVICE_FAMILY = "1,2";
				TEST_HOST = "$(BUILT_PRODUCTS_DIR)/FetchRecipeApp.app/$(BUNDLE_EXECUTABLE_FOLDER_PATH)/FetchRecipeApp";
			};
			name = Release;
		};
		B6E5CE072D07EABE00315A91 /* Debug */ = {
			isa = XCBuildConfiguration;
			buildSettings = {
				ALWAYS_EMBED_SWIFT_STANDARD_LIBRARIES = YES;
				CODE_SIGN_STYLE = Automatic;
				CURRENT_PROJECT_VERSION = 1;
				DEVELOPMENT_TEAM = FZ8JM6H768;
				GENERATE_INFOPLIST_FILE = YES;
				MARKETING_VERSION = 1.0;
				PRODUCT_BUNDLE_IDENTIFIER = com.robertm.FetchRecipeAppUITests;
				PRODUCT_NAME = "$(TARGET_NAME)";
				SWIFT_EMIT_LOC_STRINGS = NO;
				SWIFT_VERSION = 5.0;
				TARGETED_DEVICE_FAMILY = "1,2";
				TEST_TARGET_NAME = FetchRecipeApp;
			};
			name = Debug;
		};
		B6E5CE082D07EABE00315A91 /* Release */ = {
			isa = XCBuildConfiguration;
			buildSettings = {
				ALWAYS_EMBED_SWIFT_STANDARD_LIBRARIES = YES;
				CODE_SIGN_STYLE = Automatic;
				CURRENT_PROJECT_VERSION = 1;
				DEVELOPMENT_TEAM = FZ8JM6H768;
				GENERATE_INFOPLIST_FILE = YES;
				MARKETING_VERSION = 1.0;
				PRODUCT_BUNDLE_IDENTIFIER = com.robertm.FetchRecipeAppUITests;
				PRODUCT_NAME = "$(TARGET_NAME)";
				SWIFT_EMIT_LOC_STRINGS = NO;
				SWIFT_VERSION = 5.0;
				TARGETED_DEVICE_FAMILY = "1,2";
				TEST_TARGET_NAME = FetchRecipeApp;
			};
			name = Release;
		};
/* End XCBuildConfiguration section */

/* Begin XCConfigurationList section */
		B6E5CDD72D07EABC00315A91 /* Build configuration list for PBXProject "FetchRecipeApp" */ = {
			isa = XCConfigurationList;
			buildConfigurations = (
				B6E5CDFE2D07EABE00315A91 /* Debug */,
				B6E5CDFF2D07EABE00315A91 /* Release */,
			);
			defaultConfigurationIsVisible = 0;
			defaultConfigurationName = Release;
		};
		B6E5CE002D07EABE00315A91 /* Build configuration list for PBXNativeTarget "FetchRecipeApp" */ = {
			isa = XCConfigurationList;
			buildConfigurations = (
				B6E5CE012D07EABE00315A91 /* Debug */,
				B6E5CE022D07EABE00315A91 /* Release */,
			);
			defaultConfigurationIsVisible = 0;
			defaultConfigurationName = Release;
		};
		B6E5CE032D07EABE00315A91 /* Build configuration list for PBXNativeTarget "FetchRecipeAppTests" */ = {
			isa = XCConfigurationList;
			buildConfigurations = (
				B6E5CE042D07EABE00315A91 /* Debug */,
				B6E5CE052D07EABE00315A91 /* Release */,
			);
			defaultConfigurationIsVisible = 0;
			defaultConfigurationName = Release;
		};
		B6E5CE062D07EABE00315A91 /* Build configuration list for PBXNativeTarget "FetchRecipeAppUITests" */ = {
			isa = XCConfigurationList;
			buildConfigurations = (
				B6E5CE072D07EABE00315A91 /* Debug */,
				B6E5CE082D07EABE00315A91 /* Release */,
			);
			defaultConfigurationIsVisible = 0;
			defaultConfigurationName = Release;
		};
/* End XCConfigurationList section */
	};
	rootObject = B6E5CDD42D07EABC00315A91 /* Project object */;
}
